Microsoft Visual Studio Solution File, Format Version 11.00
# Visual Studio 2008

Project("{3ACBC061-5D80-73A4-9564-0E96B329971E}") = "Mob", "Assembly-CSharp.csproj", "{7271CEAD-6237-38D8-B3EC-5AAA1CB940E7}"
EndProject
Global
	GlobalSection(SolutionConfigurationPlatforms) = preSolution
		Debug|Any CPU = Debug|Any CPU
		Release|Any CPU = Release|Any CPU
	EndGlobalSection
	GlobalSection(ProjectConfigurationPlatforms) = postSolution
		{7271CEAD-6237-38D8-B3EC-5AAA1CB940E7}.Debug|Any CPU.ActiveCfg = Debug|Any CPU
		{7271CEAD-6237-38D8-B3EC-5AAA1CB940E7}.Debug|Any CPU.Build.0 = Debug|Any CPU
		{7271CEAD-6237-38D8-B3EC-5AAA1CB940E7}.Release|Any CPU.ActiveCfg = Release|Any CPU
		{7271CEAD-6237-38D8-B3EC-5AAA1CB940E7}.Release|Any CPU.Build.0 = Release|Any CPU
	EndGlobalSection
	GlobalSection(SolutionProperties) = preSolution
		HideSolutionNode = FALSE
	EndGlobalSection
	GlobalSection(MonoDevelopProperties) = preSolution
		StartupItem = Assembly-CSharp.csproj
	EndGlobalSection
EndGlobal
