Microsoft Visual Studio Solution File, Format Version 11.00
# Visual Studio 2008

Project("{698C2A1E-B31C-7F9B-DCF2-F44D3819A8C7}") = "Mob_Source", "Assembly-CSharp.csproj", "{2E9EADA4-0F37-3CBF-716A-E0FE64879EF2}"
EndProject
Project("{698C2A1E-B31C-7F9B-DCF2-F44D3819A8C7}") = "Mob_Source", "Assembly-CSharp-Editor.csproj", "{B2ECC476-2304-E045-32A7-B20167CDDFD4}"
EndProject
Global
	GlobalSection(SolutionConfigurationPlatforms) = preSolution
		Debug|Any CPU = Debug|Any CPU
		Release|Any CPU = Release|Any CPU
	EndGlobalSection
	GlobalSection(ProjectConfigurationPlatforms) = postSolution
		{2E9EADA4-0F37-3CBF-716A-E0FE64879EF2}.Debug|Any CPU.ActiveCfg = Debug|Any CPU
		{2E9EADA4-0F37-3CBF-716A-E0FE64879EF2}.Debug|Any CPU.Build.0 = Debug|Any CPU
		{2E9EADA4-0F37-3CBF-716A-E0FE64879EF2}.Release|Any CPU.ActiveCfg = Release|Any CPU
		{2E9EADA4-0F37-3CBF-716A-E0FE64879EF2}.Release|Any CPU.Build.0 = Release|Any CPU
		{B2ECC476-2304-E045-32A7-B20167CDDFD4}.Debug|Any CPU.ActiveCfg = Debug|Any CPU
		{B2ECC476-2304-E045-32A7-B20167CDDFD4}.Debug|Any CPU.Build.0 = Debug|Any CPU
		{B2ECC476-2304-E045-32A7-B20167CDDFD4}.Release|Any CPU.ActiveCfg = Release|Any CPU
		{B2ECC476-2304-E045-32A7-B20167CDDFD4}.Release|Any CPU.Build.0 = Release|Any CPU
	EndGlobalSection
	GlobalSection(SolutionProperties) = preSolution
		HideSolutionNode = FALSE
	EndGlobalSection
	GlobalSection(MonoDevelopProperties) = preSolution
		StartupItem = Assembly-CSharp.csproj
	EndGlobalSection
EndGlobal
